// !$*UTF8*$!
{
	archiveVersion = 1;
	classes = {
	};
	objectVersion = 56;
	objects = {

/* Begin PBXBuildFile section */
		111551C02C329624008BBE00 /* PagingIndicatoer.swift in Sources */ = {isa = PBXBuildFile; fileRef = 111551BF2C329624008BBE00 /* PagingIndicatoer.swift */; };
		111551C22C32A16C008BBE00 /* LanguageCellImages.swift in Sources */ = {isa = PBXBuildFile; fileRef = 111551C12C32A16C008BBE00 /* LanguageCellImages.swift */; };
		112D7A9D2C2CAF4600FC37DE /* CV_tsomukApp.swift in Sources */ = {isa = PBXBuildFile; fileRef = 112D7A9C2C2CAF4600FC37DE /* CV_tsomukApp.swift */; };
		112D7A9F2C2CAF4600FC37DE /* TabBarView.swift in Sources */ = {isa = PBXBuildFile; fileRef = 112D7A9E2C2CAF4600FC37DE /* TabBarView.swift */; };
		112D7AA12C2CAF4800FC37DE /* Assets.xcassets in Resources */ = {isa = PBXBuildFile; fileRef = 112D7AA02C2CAF4800FC37DE /* Assets.xcassets */; };
		112D7AA42C2CAF4800FC37DE /* Preview Assets.xcassets in Resources */ = {isa = PBXBuildFile; fileRef = 112D7AA32C2CAF4800FC37DE /* Preview Assets.xcassets */; };
		112D7AAE2C2CB03F00FC37DE /* BioView.swift in Sources */ = {isa = PBXBuildFile; fileRef = 112D7AAD2C2CB03F00FC37DE /* BioView.swift */; };
		112D7AB02C2CB04A00FC37DE /* ContactsView.swift in Sources */ = {isa = PBXBuildFile; fileRef = 112D7AAF2C2CB04A00FC37DE /* ContactsView.swift */; };
		112D7AB22C2CB17B00FC37DE /* ContactViewItem.swift in Sources */ = {isa = PBXBuildFile; fileRef = 112D7AB12C2CB17B00FC37DE /* ContactViewItem.swift */; };
		112D7AB62C2D2B1000FC37DE /* UserInfoCard.swift in Sources */ = {isa = PBXBuildFile; fileRef = 112D7AB52C2D2B1000FC37DE /* UserInfoCard.swift */; };
		112D7AB82C2D32BC00FC37DE /* TestView.swift in Sources */ = {isa = PBXBuildFile; fileRef = 112D7AB72C2D32BC00FC37DE /* TestView.swift */; };
		1130D56C2C60E53800678464 /* LaunchScreenView.swift in Sources */ = {isa = PBXBuildFile; fileRef = 1130D56B2C60E53800678464 /* LaunchScreenView.swift */; };
		11375CE82C3BCAC300AFE969 /* Skills.swift in Sources */ = {isa = PBXBuildFile; fileRef = 11375CE72C3BCAC300AFE969 /* Skills.swift */; };
		117972742C6206B800A9DF4D /* Settings.swift in Sources */ = {isa = PBXBuildFile; fileRef = 117972732C6206B800A9DF4D /* Settings.swift */; };
		119DECB32C2D5F81005BB723 /* AppsView.swift in Sources */ = {isa = PBXBuildFile; fileRef = 119DECB22C2D5F81005BB723 /* AppsView.swift */; };
		119DECB52C2D5F88005BB723 /* WorkView.swift in Sources */ = {isa = PBXBuildFile; fileRef = 119DECB42C2D5F88005BB723 /* WorkView.swift */; };
		119DECB72C2D5F92005BB723 /* EducationView.swift in Sources */ = {isa = PBXBuildFile; fileRef = 119DECB62C2D5F92005BB723 /* EducationView.swift */; };
		119DECB92C2D600F005BB723 /* AppCell.swift in Sources */ = {isa = PBXBuildFile; fileRef = 119DECB82C2D600F005BB723 /* AppCell.swift */; };
		119DECBC2C2D62A1005BB723 /* TextTest.swift in Sources */ = {isa = PBXBuildFile; fileRef = 119DECBB2C2D62A1005BB723 /* TextTest.swift */; };
		119DECBE2C2D687D005BB723 /* WorkCell.swift in Sources */ = {isa = PBXBuildFile; fileRef = 119DECBD2C2D687D005BB723 /* WorkCell.swift */; };
		119DECC02C2D6885005BB723 /* EducationCell.swift in Sources */ = {isa = PBXBuildFile; fileRef = 119DECBF2C2D6885005BB723 /* EducationCell.swift */; };
		119DECC42C2DD68D005BB723 /* WorkModel.swift in Sources */ = {isa = PBXBuildFile; fileRef = 119DECC32C2DD68D005BB723 /* WorkModel.swift */; };
		119DECC62C2DDBB1005BB723 /* EducationModel.swift in Sources */ = {isa = PBXBuildFile; fileRef = 119DECC52C2DDBB1005BB723 /* EducationModel.swift */; };
		119DECC82C2DDECC005BB723 /* AppModel.swift in Sources */ = {isa = PBXBuildFile; fileRef = 119DECC72C2DDECC005BB723 /* AppModel.swift */; };
		11A5A2DC2C34899600222383 /* ContactViewItemMini.swift in Sources */ = {isa = PBXBuildFile; fileRef = 11A5A2DB2C34899600222383 /* ContactViewItemMini.swift */; };
		11A5A2DE2C353B5000222383 /* UserInfoCardBigAnimation.swift in Sources */ = {isa = PBXBuildFile; fileRef = 11A5A2DD2C353B5000222383 /* UserInfoCardBigAnimation.swift */; };
		11BBE5132C45341F0031A1AA /* UserInfoCardGlass.swift in Sources */ = {isa = PBXBuildFile; fileRef = 11BBE5122C45341F0031A1AA /* UserInfoCardGlass.swift */; };
		11BBE5152C454DF40031A1AA /* TransparentBlurView.swift in Sources */ = {isa = PBXBuildFile; fileRef = 11BBE5142C454DF40031A1AA /* TransparentBlurView.swift */; };
		11BBE5172C45538B0031A1AA /* UserInfoCardBig.swift in Sources */ = {isa = PBXBuildFile; fileRef = 11BBE5162C45538B0031A1AA /* UserInfoCardBig.swift */; };
		11BBE5192C4558D10031A1AA /* TestGlassView.swift in Sources */ = {isa = PBXBuildFile; fileRef = 11BBE5182C4558D10031A1AA /* TestGlassView.swift */; };
		11C141F92C2FC3B000ED62BD /* WorkTimerView.swift in Sources */ = {isa = PBXBuildFile; fileRef = 11C141F82C2FC3B000ED62BD /* WorkTimerView.swift */; };
		11C141FB2C2FC3DF00ED62BD /* StackView.swift in Sources */ = {isa = PBXBuildFile; fileRef = 11C141FA2C2FC3DF00ED62BD /* StackView.swift */; };
		11C142012C31A96700ED62BD /* ContactModel.swift in Sources */ = {isa = PBXBuildFile; fileRef = 11C142002C31A96700ED62BD /* ContactModel.swift */; };
		11D890BA2C6105890050CA32 /* LanguageCellEmoji.swift in Sources */ = {isa = PBXBuildFile; fileRef = 11D890B92C6105890050CA32 /* LanguageCellEmoji.swift */; };
		11E3FFA32C2D41D200065E7B /* StatViewTopTitle.swift in Sources */ = {isa = PBXBuildFile; fileRef = 11E3FFA22C2D41D200065E7B /* StatViewTopTitle.swift */; };
		11E3FFA72C2D441200065E7B /* StatViewBottomTitle.swift in Sources */ = {isa = PBXBuildFile; fileRef = 11E3FFA62C2D441200065E7B /* StatViewBottomTitle.swift */; };
		11E3FFA92C2D4CFB00065E7B /* SkillCapsule.swift in Sources */ = {isa = PBXBuildFile; fileRef = 11E3FFA82C2D4CFA00065E7B /* SkillCapsule.swift */; };
/* End PBXBuildFile section */

/* Begin PBXFileReference section */
		111551BF2C329624008BBE00 /* PagingIndicatoer.swift */ = {isa = PBXFileReference; lastKnownFileType = sourcecode.swift; path = PagingIndicatoer.swift; sourceTree = "<group>"; };
		111551C12C32A16C008BBE00 /* LanguageCellImages.swift */ = {isa = PBXFileReference; lastKnownFileType = sourcecode.swift; path = LanguageCellImages.swift; sourceTree = "<group>"; };
		112D7A992C2CAF4600FC37DE /* CV.app */ = {isa = PBXFileReference; explicitFileType = wrapper.application; includeInIndex = 0; path = CV.app; sourceTree = BUILT_PRODUCTS_DIR; };
		112D7A9C2C2CAF4600FC37DE /* CV_tsomukApp.swift */ = {isa = PBXFileReference; lastKnownFileType = sourcecode.swift; path = CV_tsomukApp.swift; sourceTree = "<group>"; };
		112D7A9E2C2CAF4600FC37DE /* TabBarView.swift */ = {isa = PBXFileReference; lastKnownFileType = sourcecode.swift; path = TabBarView.swift; sourceTree = "<group>"; };
		112D7AA02C2CAF4800FC37DE /* Assets.xcassets */ = {isa = PBXFileReference; lastKnownFileType = folder.assetcatalog; path = Assets.xcassets; sourceTree = "<group>"; };
		112D7AA32C2CAF4800FC37DE /* Preview Assets.xcassets */ = {isa = PBXFileReference; lastKnownFileType = folder.assetcatalog; path = "Preview Assets.xcassets"; sourceTree = "<group>"; };
		112D7AAD2C2CB03F00FC37DE /* BioView.swift */ = {isa = PBXFileReference; lastKnownFileType = sourcecode.swift; path = BioView.swift; sourceTree = "<group>"; };
		112D7AAF2C2CB04A00FC37DE /* ContactsView.swift */ = {isa = PBXFileReference; lastKnownFileType = sourcecode.swift; path = ContactsView.swift; sourceTree = "<group>"; };
		112D7AB12C2CB17B00FC37DE /* ContactViewItem.swift */ = {isa = PBXFileReference; fileEncoding = 4; lastKnownFileType = sourcecode.swift; path = ContactViewItem.swift; sourceTree = "<group>"; };
		112D7AB52C2D2B1000FC37DE /* UserInfoCard.swift */ = {isa = PBXFileReference; lastKnownFileType = sourcecode.swift; path = UserInfoCard.swift; sourceTree = "<group>"; };
		112D7AB72C2D32BC00FC37DE /* TestView.swift */ = {isa = PBXFileReference; lastKnownFileType = sourcecode.swift; path = TestView.swift; sourceTree = "<group>"; };
		1130D56B2C60E53800678464 /* LaunchScreenView.swift */ = {isa = PBXFileReference; lastKnownFileType = sourcecode.swift; path = LaunchScreenView.swift; sourceTree = "<group>"; };
		11375CE72C3BCAC300AFE969 /* Skills.swift */ = {isa = PBXFileReference; lastKnownFileType = sourcecode.swift; path = Skills.swift; sourceTree = "<group>"; };
		117972732C6206B800A9DF4D /* Settings.swift */ = {isa = PBXFileReference; lastKnownFileType = sourcecode.swift; path = Settings.swift; sourceTree = "<group>"; };
		119DECB22C2D5F81005BB723 /* AppsView.swift */ = {isa = PBXFileReference; lastKnownFileType = sourcecode.swift; path = AppsView.swift; sourceTree = "<group>"; };
		119DECB42C2D5F88005BB723 /* WorkView.swift */ = {isa = PBXFileReference; lastKnownFileType = sourcecode.swift; path = WorkView.swift; sourceTree = "<group>"; };
		119DECB62C2D5F92005BB723 /* EducationView.swift */ = {isa = PBXFileReference; lastKnownFileType = sourcecode.swift; path = EducationView.swift; sourceTree = "<group>"; };
		119DECB82C2D600F005BB723 /* AppCell.swift */ = {isa = PBXFileReference; lastKnownFileType = sourcecode.swift; path = AppCell.swift; sourceTree = "<group>"; };
		119DECBB2C2D62A1005BB723 /* TextTest.swift */ = {isa = PBXFileReference; lastKnownFileType = sourcecode.swift; path = TextTest.swift; sourceTree = "<group>"; };
		119DECBD2C2D687D005BB723 /* WorkCell.swift */ = {isa = PBXFileReference; lastKnownFileType = sourcecode.swift; path = WorkCell.swift; sourceTree = "<group>"; };
		119DECBF2C2D6885005BB723 /* EducationCell.swift */ = {isa = PBXFileReference; lastKnownFileType = sourcecode.swift; path = EducationCell.swift; sourceTree = "<group>"; };
		119DECC32C2DD68D005BB723 /* WorkModel.swift */ = {isa = PBXFileReference; lastKnownFileType = sourcecode.swift; path = WorkModel.swift; sourceTree = "<group>"; };
		119DECC52C2DDBB1005BB723 /* EducationModel.swift */ = {isa = PBXFileReference; lastKnownFileType = sourcecode.swift; path = EducationModel.swift; sourceTree = "<group>"; };
		119DECC72C2DDECC005BB723 /* AppModel.swift */ = {isa = PBXFileReference; lastKnownFileType = sourcecode.swift; path = AppModel.swift; sourceTree = "<group>"; };
		11A5A2DB2C34899600222383 /* ContactViewItemMini.swift */ = {isa = PBXFileReference; lastKnownFileType = sourcecode.swift; path = ContactViewItemMini.swift; sourceTree = "<group>"; };
		11A5A2DD2C353B5000222383 /* UserInfoCardBigAnimation.swift */ = {isa = PBXFileReference; fileEncoding = 4; lastKnownFileType = sourcecode.swift; path = UserInfoCardBigAnimation.swift; sourceTree = "<group>"; };
		11BBE5122C45341F0031A1AA /* UserInfoCardGlass.swift */ = {isa = PBXFileReference; lastKnownFileType = sourcecode.swift; path = UserInfoCardGlass.swift; sourceTree = "<group>"; };
		11BBE5142C454DF40031A1AA /* TransparentBlurView.swift */ = {isa = PBXFileReference; lastKnownFileType = sourcecode.swift; path = TransparentBlurView.swift; sourceTree = "<group>"; };
		11BBE5162C45538B0031A1AA /* UserInfoCardBig.swift */ = {isa = PBXFileReference; fileEncoding = 4; lastKnownFileType = sourcecode.swift; path = UserInfoCardBig.swift; sourceTree = "<group>"; };
		11BBE5182C4558D10031A1AA /* TestGlassView.swift */ = {isa = PBXFileReference; lastKnownFileType = sourcecode.swift; path = TestGlassView.swift; sourceTree = "<group>"; };
		11C141F82C2FC3B000ED62BD /* WorkTimerView.swift */ = {isa = PBXFileReference; lastKnownFileType = sourcecode.swift; path = WorkTimerView.swift; sourceTree = "<group>"; };
		11C141FA2C2FC3DF00ED62BD /* StackView.swift */ = {isa = PBXFileReference; lastKnownFileType = sourcecode.swift; path = StackView.swift; sourceTree = "<group>"; };
		11C142002C31A96700ED62BD /* ContactModel.swift */ = {isa = PBXFileReference; lastKnownFileType = sourcecode.swift; path = ContactModel.swift; sourceTree = "<group>"; };
		11D890B92C6105890050CA32 /* LanguageCellEmoji.swift */ = {isa = PBXFileReference; lastKnownFileType = sourcecode.swift; path = LanguageCellEmoji.swift; sourceTree = "<group>"; };
		11E3FFA22C2D41D200065E7B /* StatViewTopTitle.swift */ = {isa = PBXFileReference; lastKnownFileType = sourcecode.swift; path = StatViewTopTitle.swift; sourceTree = "<group>"; };
		11E3FFA62C2D441200065E7B /* StatViewBottomTitle.swift */ = {isa = PBXFileReference; lastKnownFileType = sourcecode.swift; path = StatViewBottomTitle.swift; sourceTree = "<group>"; };
		11E3FFA82C2D4CFA00065E7B /* SkillCapsule.swift */ = {isa = PBXFileReference; lastKnownFileType = sourcecode.swift; path = SkillCapsule.swift; sourceTree = "<group>"; };
/* End PBXFileReference section */

/* Begin PBXFrameworksBuildPhase section */
		112D7A962C2CAF4600FC37DE /* Frameworks */ = {
			isa = PBXFrameworksBuildPhase;
			buildActionMask = 2147483647;
			files = (
			);
			runOnlyForDeploymentPostprocessing = 0;
		};
/* End PBXFrameworksBuildPhase section */

/* Begin PBXGroup section */
		112D7A902C2CAF4600FC37DE = {
			isa = PBXGroup;
			children = (
				112D7A9B2C2CAF4600FC37DE /* CV_tsomuk */,
				112D7A9A2C2CAF4600FC37DE /* Products */,
			);
			sourceTree = "<group>";
		};
		112D7A9A2C2CAF4600FC37DE /* Products */ = {
			isa = PBXGroup;
			children = (
				112D7A992C2CAF4600FC37DE /* CV.app */,
			);
			name = Products;
			sourceTree = "<group>";
		};
		112D7A9B2C2CAF4600FC37DE /* CV_tsomuk */ = {
			isa = PBXGroup;
			children = (
				112D7A9C2C2CAF4600FC37DE /* CV_tsomukApp.swift */,
				112D7A9E2C2CAF4600FC37DE /* TabBarView.swift */,
				11E3FFAA2C2D500700065E7B /* Models */,
				11BD52D62C3C139F006D0E79 /* UI Elements */,
				112D7AAA2C2CB00C00FC37DE /* Screens */,
				119DECBA2C2D6294005BB723 /* Tests */,
				112D7AA02C2CAF4800FC37DE /* Assets.xcassets */,
				112D7AA22C2CAF4800FC37DE /* Preview Content */,
			);
			path = CV_tsomuk;
			sourceTree = "<group>";
		};
		112D7AA22C2CAF4800FC37DE /* Preview Content */ = {
			isa = PBXGroup;
			children = (
				112D7AA32C2CAF4800FC37DE /* Preview Assets.xcassets */,
			);
			path = "Preview Content";
			sourceTree = "<group>";
		};
		112D7AAA2C2CB00C00FC37DE /* Screens */ = {
			isa = PBXGroup;
			children = (
				1130D56B2C60E53800678464 /* LaunchScreenView.swift */,
				117972732C6206B800A9DF4D /* Settings.swift */,
				112D7AAB2C2CB01100FC37DE /* Bio */,
				119DECAE2C2D5F38005BB723 /* Apps */,
				119DECB02C2D5F60005BB723 /* Work */,
				119DECB12C2D5F64005BB723 /* Educatioin */,
				112D7AAC2C2CB01A00FC37DE /* Contacts */,
			);
			path = Screens;
			sourceTree = "<group>";
		};
		112D7AAB2C2CB01100FC37DE /* Bio */ = {
			isa = PBXGroup;
			children = (
				112D7AAD2C2CB03F00FC37DE /* BioView.swift */,
				112D7AB42C2D2AF200FC37DE /* Components */,
			);
			path = Bio;
			sourceTree = "<group>";
		};
		112D7AAC2C2CB01A00FC37DE /* Contacts */ = {
			isa = PBXGroup;
			children = (
				112D7AAF2C2CB04A00FC37DE /* ContactsView.swift */,
				112D7AB32C2D2AE600FC37DE /* Components */,
			);
			path = Contacts;
			sourceTree = "<group>";
		};
		112D7AB32C2D2AE600FC37DE /* Components */ = {
			isa = PBXGroup;
			children = (
				112D7AB12C2CB17B00FC37DE /* ContactViewItem.swift */,
				11A5A2DB2C34899600222383 /* ContactViewItemMini.swift */,
			);
			path = Components;
			sourceTree = "<group>";
		};
		112D7AB42C2D2AF200FC37DE /* Components */ = {
			isa = PBXGroup;
			children = (
				11A5A2DD2C353B5000222383 /* UserInfoCardBigAnimation.swift */,
				11C141FA2C2FC3DF00ED62BD /* StackView.swift */,
				11C141F82C2FC3B000ED62BD /* WorkTimerView.swift */,
				11BBE5112C4516220031A1AA /* Extra */,
			);
			path = Components;
			sourceTree = "<group>";
		};
		1130D56D2C60EEBB00678464 /* Components */ = {
			isa = PBXGroup;
			children = (
				119DECB82C2D600F005BB723 /* AppCell.swift */,
			);
			path = Components;
			sourceTree = "<group>";
		};
		1130D56E2C60EEC200678464 /* Components */ = {
			isa = PBXGroup;
			children = (
				119DECBD2C2D687D005BB723 /* WorkCell.swift */,
				111551BF2C329624008BBE00 /* PagingIndicatoer.swift */,
			);
			path = Components;
			sourceTree = "<group>";
		};
		1130D56F2C60EEC900678464 /* Components */ = {
			isa = PBXGroup;
			children = (
				119DECBF2C2D6885005BB723 /* EducationCell.swift */,
				111551C12C32A16C008BBE00 /* LanguageCellImages.swift */,
				11D890B92C6105890050CA32 /* LanguageCellEmoji.swift */,
			);
			path = Components;
			sourceTree = "<group>";
		};
		119DECAE2C2D5F38005BB723 /* Apps */ = {
			isa = PBXGroup;
			children = (
				119DECB22C2D5F81005BB723 /* AppsView.swift */,
				1130D56D2C60EEBB00678464 /* Components */,
			);
			path = Apps;
			sourceTree = "<group>";
		};
		119DECB02C2D5F60005BB723 /* Work */ = {
			isa = PBXGroup;
			children = (
				119DECB42C2D5F88005BB723 /* WorkView.swift */,
				1130D56E2C60EEC200678464 /* Components */,
			);
			path = Work;
			sourceTree = "<group>";
		};
		119DECB12C2D5F64005BB723 /* Educatioin */ = {
			isa = PBXGroup;
			children = (
				119DECB62C2D5F92005BB723 /* EducationView.swift */,
				1130D56F2C60EEC900678464 /* Components */,
			);
			path = Educatioin;
			sourceTree = "<group>";
		};
		119DECBA2C2D6294005BB723 /* Tests */ = {
			isa = PBXGroup;
			children = (
				112D7AB72C2D32BC00FC37DE /* TestView.swift */,
				119DECBB2C2D62A1005BB723 /* TextTest.swift */,
				11BBE5142C454DF40031A1AA /* TransparentBlurView.swift */,
				11BBE5182C4558D10031A1AA /* TestGlassView.swift */,
			);
			path = Tests;
			sourceTree = "<group>";
		};
		11BBE5112C4516220031A1AA /* Extra */ = {
			isa = PBXGroup;
			children = (
				11BBE5162C45538B0031A1AA /* UserInfoCardBig.swift */,
				11BBE5122C45341F0031A1AA /* UserInfoCardGlass.swift */,
				11E3FFA22C2D41D200065E7B /* StatViewTopTitle.swift */,
				11E3FFA62C2D441200065E7B /* StatViewBottomTitle.swift */,
				112D7AB52C2D2B1000FC37DE /* UserInfoCard.swift */,
			);
			path = Extra;
			sourceTree = "<group>";
		};
		11BD52D62C3C139F006D0E79 /* UI Elements */ = {
			isa = PBXGroup;
			children = (
				11E3FFA82C2D4CFA00065E7B /* SkillCapsule.swift */,
			);
			path = "UI Elements";
			sourceTree = "<group>";
		};
		11E3FFAA2C2D500700065E7B /* Models */ = {
			isa = PBXGroup;
			children = (
				11375CE72C3BCAC300AFE969 /* Skills.swift */,
				119DECC32C2DD68D005BB723 /* WorkModel.swift */,
				119DECC52C2DDBB1005BB723 /* EducationModel.swift */,
				119DECC72C2DDECC005BB723 /* AppModel.swift */,
				11C142002C31A96700ED62BD /* ContactModel.swift */,
			);
			path = Models;
			sourceTree = "<group>";
		};
/* End PBXGroup section */

/* Begin PBXNativeTarget section */
		112D7A982C2CAF4600FC37DE /* CV */ = {
			isa = PBXNativeTarget;
			buildConfigurationList = 112D7AA72C2CAF4800FC37DE /* Build configuration list for PBXNativeTarget "CV" */;
			buildPhases = (
				112D7A952C2CAF4600FC37DE /* Sources */,
				112D7A962C2CAF4600FC37DE /* Frameworks */,
				112D7A972C2CAF4600FC37DE /* Resources */,
			);
			buildRules = (
			);
			dependencies = (
			);
			name = CV;
			productName = CV_tsomuk;
			productReference = 112D7A992C2CAF4600FC37DE /* CV.app */;
			productType = "com.apple.product-type.application";
		};
/* End PBXNativeTarget section */

/* Begin PBXProject section */
		112D7A912C2CAF4600FC37DE /* Project object */ = {
			isa = PBXProject;
			attributes = {
				BuildIndependentTargetsInParallel = 1;
				LastSwiftUpdateCheck = 1530;
				LastUpgradeCheck = 1530;
				TargetAttributes = {
					112D7A982C2CAF4600FC37DE = {
						CreatedOnToolsVersion = 15.3;
					};
				};
			};
			buildConfigurationList = 112D7A942C2CAF4600FC37DE /* Build configuration list for PBXProject "CV_tsomuk" */;
			compatibilityVersion = "Xcode 14.0";
			developmentRegion = en;
			hasScannedForEncodings = 0;
			knownRegions = (
				en,
				Base,
			);
			mainGroup = 112D7A902C2CAF4600FC37DE;
			productRefGroup = 112D7A9A2C2CAF4600FC37DE /* Products */;
			projectDirPath = "";
			projectRoot = "";
			targets = (
				112D7A982C2CAF4600FC37DE /* CV */,
			);
		};
/* End PBXProject section */

/* Begin PBXResourcesBuildPhase section */
		112D7A972C2CAF4600FC37DE /* Resources */ = {
			isa = PBXResourcesBuildPhase;
			buildActionMask = 2147483647;
			files = (
				112D7AA42C2CAF4800FC37DE /* Preview Assets.xcassets in Resources */,
				112D7AA12C2CAF4800FC37DE /* Assets.xcassets in Resources */,
			);
			runOnlyForDeploymentPostprocessing = 0;
		};
/* End PBXResourcesBuildPhase section */

/* Begin PBXSourcesBuildPhase section */
		112D7A952C2CAF4600FC37DE /* Sources */ = {
			isa = PBXSourcesBuildPhase;
			buildActionMask = 2147483647;
			files = (
				11E3FFA32C2D41D200065E7B /* StatViewTopTitle.swift in Sources */,
				119DECBC2C2D62A1005BB723 /* TextTest.swift in Sources */,
				11C141F92C2FC3B000ED62BD /* WorkTimerView.swift in Sources */,
				11BBE5192C4558D10031A1AA /* TestGlassView.swift in Sources */,
				111551C02C329624008BBE00 /* PagingIndicatoer.swift in Sources */,
				117972742C6206B800A9DF4D /* Settings.swift in Sources */,
				11BBE5152C454DF40031A1AA /* TransparentBlurView.swift in Sources */,
				111551C22C32A16C008BBE00 /* LanguageCellImages.swift in Sources */,
				11BBE5172C45538B0031A1AA /* UserInfoCardBig.swift in Sources */,
				119DECB72C2D5F92005BB723 /* EducationView.swift in Sources */,
				11A5A2DE2C353B5000222383 /* UserInfoCardBigAnimation.swift in Sources */,
				119DECC62C2DDBB1005BB723 /* EducationModel.swift in Sources */,
				119DECC02C2D6885005BB723 /* EducationCell.swift in Sources */,
				112D7AB82C2D32BC00FC37DE /* TestView.swift in Sources */,
				119DECB52C2D5F88005BB723 /* WorkView.swift in Sources */,
				11375CE82C3BCAC300AFE969 /* Skills.swift in Sources */,
				11E3FFA92C2D4CFB00065E7B /* SkillCapsule.swift in Sources */,
				11C141FB2C2FC3DF00ED62BD /* StackView.swift in Sources */,
				112D7AB62C2D2B1000FC37DE /* UserInfoCard.swift in Sources */,
				119DECC42C2DD68D005BB723 /* WorkModel.swift in Sources */,
				11A5A2DC2C34899600222383 /* ContactViewItemMini.swift in Sources */,
				1130D56C2C60E53800678464 /* LaunchScreenView.swift in Sources */,
				11E3FFA72C2D441200065E7B /* StatViewBottomTitle.swift in Sources */,
				119DECC82C2DDECC005BB723 /* AppModel.swift in Sources */,
				119DECBE2C2D687D005BB723 /* WorkCell.swift in Sources */,
				119DECB92C2D600F005BB723 /* AppCell.swift in Sources */,
				11D890BA2C6105890050CA32 /* LanguageCellEmoji.swift in Sources */,
				11C142012C31A96700ED62BD /* ContactModel.swift in Sources */,
				11BBE5132C45341F0031A1AA /* UserInfoCardGlass.swift in Sources */,
				112D7AAE2C2CB03F00FC37DE /* BioView.swift in Sources */,
				112D7A9F2C2CAF4600FC37DE /* TabBarView.swift in Sources */,
				112D7A9D2C2CAF4600FC37DE /* CV_tsomukApp.swift in Sources */,
				112D7AB02C2CB04A00FC37DE /* ContactsView.swift in Sources */,
				112D7AB22C2CB17B00FC37DE /* ContactViewItem.swift in Sources */,
				119DECB32C2D5F81005BB723 /* AppsView.swift in Sources */,
			);
			runOnlyForDeploymentPostprocessing = 0;
		};
/* End PBXSourcesBuildPhase section */

/* Begin XCBuildConfiguration section */
		112D7AA52C2CAF4800FC37DE /* Debug */ = {
			isa = XCBuildConfiguration;
			buildSettings = {
				ALWAYS_SEARCH_USER_PATHS = NO;
				ASSETCATALOG_COMPILER_GENERATE_SWIFT_ASSET_SYMBOL_EXTENSIONS = YES;
				CLANG_ANALYZER_NONNULL = YES;
				CLANG_ANALYZER_NUMBER_OBJECT_CONVERSION = YES_AGGRESSIVE;
				CLANG_CXX_LANGUAGE_STANDARD = "gnu++20";
				CLANG_ENABLE_MODULES = YES;
				CLANG_ENABLE_OBJC_ARC = YES;
				CLANG_ENABLE_OBJC_WEAK = YES;
				CLANG_WARN_BLOCK_CAPTURE_AUTORELEASING = YES;
				CLANG_WARN_BOOL_CONVERSION = YES;
				CLANG_WARN_COMMA = YES;
				CLANG_WARN_CONSTANT_CONVERSION = YES;
				CLANG_WARN_DEPRECATED_OBJC_IMPLEMENTATIONS = YES;
				CLANG_WARN_DIRECT_OBJC_ISA_USAGE = YES_ERROR;
				CLANG_WARN_DOCUMENTATION_COMMENTS = YES;
				CLANG_WARN_EMPTY_BODY = YES;
				CLANG_WARN_ENUM_CONVERSION = YES;
				CLANG_WARN_INFINITE_RECURSION = YES;
				CLANG_WARN_INT_CONVERSION = YES;
				CLANG_WARN_NON_LITERAL_NULL_CONVERSION = YES;
				CLANG_WARN_OBJC_IMPLICIT_RETAIN_SELF = YES;
				CLANG_WARN_OBJC_LITERAL_CONVERSION = YES;
				CLANG_WARN_OBJC_ROOT_CLASS = YES_ERROR;
				CLANG_WARN_QUOTED_INCLUDE_IN_FRAMEWORK_HEADER = YES;
				CLANG_WARN_RANGE_LOOP_ANALYSIS = YES;
				CLANG_WARN_STRICT_PROTOTYPES = YES;
				CLANG_WARN_SUSPICIOUS_MOVE = YES;
				CLANG_WARN_UNGUARDED_AVAILABILITY = YES_AGGRESSIVE;
				CLANG_WARN_UNREACHABLE_CODE = YES;
				CLANG_WARN__DUPLICATE_METHOD_MATCH = YES;
				COPY_PHASE_STRIP = NO;
				DEBUG_INFORMATION_FORMAT = dwarf;
				ENABLE_STRICT_OBJC_MSGSEND = YES;
				ENABLE_TESTABILITY = YES;
				ENABLE_USER_SCRIPT_SANDBOXING = YES;
				GCC_C_LANGUAGE_STANDARD = gnu17;
				GCC_DYNAMIC_NO_PIC = NO;
				GCC_NO_COMMON_BLOCKS = YES;
				GCC_OPTIMIZATION_LEVEL = 0;
				GCC_PREPROCESSOR_DEFINITIONS = (
					"DEBUG=1",
					"$(inherited)",
				);
				GCC_WARN_64_TO_32_BIT_CONVERSION = YES;
				GCC_WARN_ABOUT_RETURN_TYPE = YES_ERROR;
				GCC_WARN_UNDECLARED_SELECTOR = YES;
				GCC_WARN_UNINITIALIZED_AUTOS = YES_AGGRESSIVE;
				GCC_WARN_UNUSED_FUNCTION = YES;
				GCC_WARN_UNUSED_VARIABLE = YES;
				IPHONEOS_DEPLOYMENT_TARGET = 17.4;
				LOCALIZATION_PREFERS_STRING_CATALOGS = YES;
				MTL_ENABLE_DEBUG_INFO = INCLUDE_SOURCE;
				MTL_FAST_MATH = YES;
				ONLY_ACTIVE_ARCH = YES;
				SDKROOT = iphoneos;
				SWIFT_ACTIVE_COMPILATION_CONDITIONS = "DEBUG $(inherited)";
				SWIFT_OPTIMIZATION_LEVEL = "-Onone";
			};
			name = Debug;
		};
		112D7AA62C2CAF4800FC37DE /* Release */ = {
			isa = XCBuildConfiguration;
			buildSettings = {
				ALWAYS_SEARCH_USER_PATHS = NO;
				ASSETCATALOG_COMPILER_GENERATE_SWIFT_ASSET_SYMBOL_EXTENSIONS = YES;
				CLANG_ANALYZER_NONNULL = YES;
				CLANG_ANALYZER_NUMBER_OBJECT_CONVERSION = YES_AGGRESSIVE;
				CLANG_CXX_LANGUAGE_STANDARD = "gnu++20";
				CLANG_ENABLE_MODULES = YES;
				CLANG_ENABLE_OBJC_ARC = YES;
				CLANG_ENABLE_OBJC_WEAK = YES;
				CLANG_WARN_BLOCK_CAPTURE_AUTORELEASING = YES;
				CLANG_WARN_BOOL_CONVERSION = YES;
				CLANG_WARN_COMMA = YES;
				CLANG_WARN_CONSTANT_CONVERSION = YES;
				CLANG_WARN_DEPRECATED_OBJC_IMPLEMENTATIONS = YES;
				CLANG_WARN_DIRECT_OBJC_ISA_USAGE = YES_ERROR;
				CLANG_WARN_DOCUMENTATION_COMMENTS = YES;
				CLANG_WARN_EMPTY_BODY = YES;
				CLANG_WARN_ENUM_CONVERSION = YES;
				CLANG_WARN_INFINITE_RECURSION = YES;
				CLANG_WARN_INT_CONVERSION = YES;
				CLANG_WARN_NON_LITERAL_NULL_CONVERSION = YES;
				CLANG_WARN_OBJC_IMPLICIT_RETAIN_SELF = YES;
				CLANG_WARN_OBJC_LITERAL_CONVERSION = YES;
				CLANG_WARN_OBJC_ROOT_CLASS = YES_ERROR;
				CLANG_WARN_QUOTED_INCLUDE_IN_FRAMEWORK_HEADER = YES;
				CLANG_WARN_RANGE_LOOP_ANALYSIS = YES;
				CLANG_WARN_STRICT_PROTOTYPES = YES;
				CLANG_WARN_SUSPICIOUS_MOVE = YES;
				CLANG_WARN_UNGUARDED_AVAILABILITY = YES_AGGRESSIVE;
				CLANG_WARN_UNREACHABLE_CODE = YES;
				CLANG_WARN__DUPLICATE_METHOD_MATCH = YES;
				COPY_PHASE_STRIP = NO;
				DEBUG_INFORMATION_FORMAT = "dwarf-with-dsym";
				ENABLE_NS_ASSERTIONS = NO;
				ENABLE_STRICT_OBJC_MSGSEND = YES;
				ENABLE_USER_SCRIPT_SANDBOXING = YES;
				GCC_C_LANGUAGE_STANDARD = gnu17;
				GCC_NO_COMMON_BLOCKS = YES;
				GCC_WARN_64_TO_32_BIT_CONVERSION = YES;
				GCC_WARN_ABOUT_RETURN_TYPE = YES_ERROR;
				GCC_WARN_UNDECLARED_SELECTOR = YES;
				GCC_WARN_UNINITIALIZED_AUTOS = YES_AGGRESSIVE;
				GCC_WARN_UNUSED_FUNCTION = YES;
				GCC_WARN_UNUSED_VARIABLE = YES;
				IPHONEOS_DEPLOYMENT_TARGET = 17.4;
				LOCALIZATION_PREFERS_STRING_CATALOGS = YES;
				MTL_ENABLE_DEBUG_INFO = NO;
				MTL_FAST_MATH = YES;
				SDKROOT = iphoneos;
				SWIFT_COMPILATION_MODE = wholemodule;
				VALIDATE_PRODUCT = YES;
			};
			name = Release;
		};
		112D7AA82C2CAF4800FC37DE /* Debug */ = {
			isa = XCBuildConfiguration;
			buildSettings = {
				ASSETCATALOG_COMPILER_APPICON_NAME = AppIcon;
				ASSETCATALOG_COMPILER_GLOBAL_ACCENT_COLOR_NAME = AccentColor;
				CODE_SIGN_STYLE = Automatic;
				CURRENT_PROJECT_VERSION = 1;
				DEVELOPMENT_ASSET_PATHS = "\"CV_tsomuk/Preview Content\"";
				DEVELOPMENT_TEAM = DGS54WN6BX;
				ENABLE_PREVIEWS = YES;
				GENERATE_INFOPLIST_FILE = YES;
				INFOPLIST_KEY_UIApplicationSceneManifest_Generation = YES;
				INFOPLIST_KEY_UIApplicationSupportsIndirectInputEvents = YES;
				INFOPLIST_KEY_UILaunchScreen_Generation = YES;
				INFOPLIST_KEY_UISupportedInterfaceOrientations = UIInterfaceOrientationPortrait;
				INFOPLIST_KEY_UISupportedInterfaceOrientations_iPad = "UIInterfaceOrientationPortrait UIInterfaceOrientationPortraitUpsideDown";
				IPHONEOS_DEPLOYMENT_TARGET = 17.0;
				LD_RUNPATH_SEARCH_PATHS = (
					"$(inherited)",
					"@executable_path/Frameworks",
				);
				MARKETING_VERSION = 0.0.1;
				PRODUCT_BUNDLE_IDENTIFIER = "com-tsomuk.CV-tsomuk";
				PRODUCT_NAME = "$(TARGET_NAME)";
				SUPPORTED_PLATFORMS = "iphoneos iphonesimulator";
				SUPPORTS_MACCATALYST = NO;
				SUPPORTS_XR_DESIGNED_FOR_IPHONE_IPAD = NO;
				SWIFT_EMIT_LOC_STRINGS = YES;
				SWIFT_VERSION = 5.0;
				TARGETED_DEVICE_FAMILY = "1,2";
			};
			name = Debug;
		};
		112D7AA92C2CAF4800FC37DE /* Release */ = {
			isa = XCBuildConfiguration;
			buildSettings = {
				ASSETCATALOG_COMPILER_APPICON_NAME = AppIcon;
				ASSETCATALOG_COMPILER_GLOBAL_ACCENT_COLOR_NAME = AccentColor;
				CODE_SIGN_STYLE = Automatic;
				CURRENT_PROJECT_VERSION = 1;
				DEVELOPMENT_ASSET_PATHS = "\"CV_tsomuk/Preview Content\"";
				DEVELOPMENT_TEAM = DGS54WN6BX;
				ENABLE_PREVIEWS = YES;
				GENERATE_INFOPLIST_FILE = YES;
				INFOPLIST_KEY_UIApplicationSceneManifest_Generation = YES;
				INFOPLIST_KEY_UIApplicationSupportsIndirectInputEvents = YES;
				INFOPLIST_KEY_UILaunchScreen_Generation = YES;
				INFOPLIST_KEY_UISupportedInterfaceOrientations = UIInterfaceOrientationPortrait;
				INFOPLIST_KEY_UISupportedInterfaceOrientations_iPad = "UIInterfaceOrientationPortrait UIInterfaceOrientationPortraitUpsideDown";
				IPHONEOS_DEPLOYMENT_TARGET = 17.0;
				LD_RUNPATH_SEARCH_PATHS = (
					"$(inherited)",
					"@executable_path/Frameworks",
				);
				MARKETING_VERSION = 0.0.1;
				PRODUCT_BUNDLE_IDENTIFIER = "com-tsomuk.CV-tsomuk";
				PRODUCT_NAME = "$(TARGET_NAME)";
				SUPPORTED_PLATFORMS = "iphoneos iphonesimulator";
				SUPPORTS_MACCATALYST = NO;
				SUPPORTS_XR_DESIGNED_FOR_IPHONE_IPAD = NO;
				SWIFT_EMIT_LOC_STRINGS = YES;
				SWIFT_VERSION = 5.0;
				TARGETED_DEVICE_FAMILY = "1,2";
			};
			name = Release;
		};
/* End XCBuildConfiguration section */

/* Begin XCConfigurationList section */
		112D7A942C2CAF4600FC37DE /* Build configuration list for PBXProject "CV_tsomuk" */ = {
			isa = XCConfigurationList;
			buildConfigurations = (
				112D7AA52C2CAF4800FC37DE /* Debug */,
				112D7AA62C2CAF4800FC37DE /* Release */,
			);
			defaultConfigurationIsVisible = 0;
			defaultConfigurationName = Release;
		};
		112D7AA72C2CAF4800FC37DE /* Build configuration list for PBXNativeTarget "CV" */ = {
			isa = XCConfigurationList;
			buildConfigurations = (
				112D7AA82C2CAF4800FC37DE /* Debug */,
				112D7AA92C2CAF4800FC37DE /* Release */,
			);
			defaultConfigurationIsVisible = 0;
			defaultConfigurationName = Release;
		};
/* End XCConfigurationList section */
	};
	rootObject = 112D7A912C2CAF4600FC37DE /* Project object */;
}
